schema: '2.0'
stages:
  prepare:
    cmd: python src/prepare_data.py
    deps:
    - path: data/raw.csv
      hash: md5
      md5: 7e72dd6dd1b8e9f60c239ca5079b4267
      size: 27933
    - path: src/prepare_data.py
      hash: md5
      md5: a2081f297a7168baf421745421eb3a1e
      size: 7964
    outs:
    - path: data/processed.csv
      hash: md5
      md5: d76e0ec0bf78eda33c035478a1d9b931
      size: 28240
    - path: registry/train_stats.json
      hash: md5
      md5: 053f503d7f92e8d7a190afa57f95387f
      size: 284
  train:
    cmd: python src/train.py
    deps:
    - path: data/processed.csv
      hash: md5
      md5: d76e0ec0bf78eda33c035478a1d9b931
      size: 28240
    - path: src/train.py
      hash: md5
      md5: 0b7855ffbf866621be35028009b1e7e4
      size: 11035
    outs:
    - path: models
      hash: md5
      md5: 235ef864f53782f307806a5ff60ac887.dir
      size: 3690
      nfiles: 1
  evaluate:
    cmd: python src/evaluate.py
    deps:
    - path: data/processed.csv
      hash: md5
      md5: d76e0ec0bf78eda33c035478a1d9b931
      size: 28240
    - path: models
      hash: md5
      md5: 997fb5a4e05ba240d85eacf6972c7c62.dir
      size: 7380
      nfiles: 2
    - path: src/evaluate.py
      hash: md5
      md5: 1fc203c6371aad29d33a3887f997c784
      size: 8794
