schema: '2.0'
stages:
  prepare:
    cmd: python src/prepare_data.py
    deps:
    - path: data/raw.csv
      hash: md5
      md5: 7e72dd6dd1b8e9f60c239ca5079b4267
      size: 27933
    - path: src/prepare_data.py
      hash: md5
      md5: a2081f297a7168baf421745421eb3a1e
      size: 7964
    outs:
    - path: data/processed.csv
      hash: md5
      md5: d76e0ec0bf78eda33c035478a1d9b931
      size: 28240
    - path: registry/train_stats.json
      hash: md5
      md5: 053f503d7f92e8d7a190afa57f95387f
      size: 284
  train:
    cmd: python src/train.py
    deps:
    - path: data/processed.csv
      hash: md5
      md5: d76e0ec0bf78eda33c035478a1d9b931
      size: 28240
    - path: src/train.py
      hash: md5
      md5: 9c1323fdad8a44469cac4f13184b456e
      size: 8971
    outs:
    - path: models
      hash: md5
      md5: bec7fff2019ecbd72118f7ef33aff0e2.dir
      size: 11070
      nfiles: 3
  evaluate:
    cmd: python src/evaluate.py
    deps:
    - path: data/processed.csv
      hash: md5
      md5: d76e0ec0bf78eda33c035478a1d9b931
      size: 28240
    - path: models/model.joblib
      hash: md5
      md5: 62f5e24c547e71cb856e3a4dd6d549e4
      size: 3690
    - path: src/evaluate.py
      hash: md5
      md5: b2ad880e0279084e3812701e06f5726d
      size: 7150
    outs:
    - path: reports/metrics.json
      hash: md5
      md5: 3de2495b0fa12fe704fb33bfe451a664
      size: 217
